Microsoft Visual Studio Solution File, Format Version 12.00
# Visual Studio Version 17
VisualStudioVersion = 17.5.2.0
MinimumVisualStudioVersion = 10.0.40219.1
Project("{FAE04EC0-301F-11D3-BF4B-00C04F79EFBC}") = "Pomodoro", "Pomodoro\Pomodoro.csproj", "{9FB800A2-5344-2C8E-4C1C-7C185BDEB872}"
EndProject
Global
	GlobalSection(SolutionConfigurationPlatforms) = preSolution
		Debug|Any CPU = Debug|Any CPU
		Release|Any CPU = Release|Any CPU
	EndGlobalSection
	GlobalSection(ProjectConfigurationPlatforms) = postSolution
		{9FB800A2-5344-2C8E-4C1C-7C185BDEB872}.Debug|Any CPU.ActiveCfg = Debug|Any CPU
		{9FB800A2-5344-2C8E-4C1C-7C185BDEB872}.Debug|Any CPU.Build.0 = Debug|Any CPU
		{9FB800A2-5344-2C8E-4C1C-7C185BDEB872}.Release|Any CPU.ActiveCfg = Release|Any CPU
		{9FB800A2-5344-2C8E-4C1C-7C185BDEB872}.Release|Any CPU.Build.0 = Release|Any CPU
	EndGlobalSection
	GlobalSection(SolutionProperties) = preSolution
		HideSolutionNode = FALSE
	EndGlobalSection
	GlobalSection(ExtensibilityGlobals) = postSolution
		SolutionGuid = {D9C4D753-27E0-4F25-8132-1270288164B0}
	EndGlobalSection
EndGlobal
